Microsoft Visual Studio Solution File, Format Version 12.00
# Visual Studio 2013
VisualStudioVersion = 12.0.30501.0
MinimumVisualStudioVersion = 10.0.40219.1
Project("{2150E333-8FDC-42A3-9474-1A3956D46DE8}") = "Solution Items", "Solution Items", "{2E129E87-1111-4E18-A73E-E64A2DA359BE}"
	ProjectSection(SolutionItems) = preProject
		SharedAssemblyInfo.cs = SharedAssemblyInfo.cs
	EndProjectSection
EndProject
Project("{FAE04EC0-301F-11D3-BF4B-00C04F79EFBC}") = "LimitsMiddleware", "LimitsMiddleware\LimitsMiddleware.csproj", "{757A5ABF-F560-416D-8494-C7A2C6F8E1EF}"
EndProject
Project("{FAE04EC0-301F-11D3-BF4B-00C04F79EFBC}") = "LimitsMiddleware.Tests", "LimitsMiddleware.Tests\LimitsMiddleware.Tests.csproj", "{2C2D78F6-27ED-4777-9E1A-476F9816E344}"
EndProject
Project("{FAE04EC0-301F-11D3-BF4B-00C04F79EFBC}") = "LimitsMiddleware.OwinAppBuilder", "LimitsMiddleware.OwinAppBuilder\LimitsMiddleware.OwinAppBuilder.csproj", "{833BC4E3-7BC7-4FC8-AC68-6FE8B9B127B7}"
EndProject
Project("{2150E333-8FDC-42A3-9474-1A3956D46DE8}") = ".nuget", ".nuget", "{444E84C1-6019-434C-B244-E2FE8B0EC6DF}"
	ProjectSection(SolutionItems) = preProject
		.nuget\NuGet.exe = .nuget\NuGet.exe
		.nuget\packages.config = .nuget\packages.config
	EndProjectSection
EndProject
Global
	GlobalSection(SolutionConfigurationPlatforms) = preSolution
		Debug|Any CPU = Debug|Any CPU
		Release|Any CPU = Release|Any CPU
	EndGlobalSection
	GlobalSection(ProjectConfigurationPlatforms) = postSolution
		{757A5ABF-F560-416D-8494-C7A2C6F8E1EF}.Debug|Any CPU.ActiveCfg = Debug|Any CPU
		{757A5ABF-F560-416D-8494-C7A2C6F8E1EF}.Debug|Any CPU.Build.0 = Debug|Any CPU
		{757A5ABF-F560-416D-8494-C7A2C6F8E1EF}.Release|Any CPU.ActiveCfg = Release|Any CPU
		{757A5ABF-F560-416D-8494-C7A2C6F8E1EF}.Release|Any CPU.Build.0 = Release|Any CPU
		{2C2D78F6-27ED-4777-9E1A-476F9816E344}.Debug|Any CPU.ActiveCfg = Debug|Any CPU
		{2C2D78F6-27ED-4777-9E1A-476F9816E344}.Debug|Any CPU.Build.0 = Debug|Any CPU
		{2C2D78F6-27ED-4777-9E1A-476F9816E344}.Release|Any CPU.ActiveCfg = Release|Any CPU
		{2C2D78F6-27ED-4777-9E1A-476F9816E344}.Release|Any CPU.Build.0 = Release|Any CPU
		{833BC4E3-7BC7-4FC8-AC68-6FE8B9B127B7}.Debug|Any CPU.ActiveCfg = Debug|Any CPU
		{833BC4E3-7BC7-4FC8-AC68-6FE8B9B127B7}.Debug|Any CPU.Build.0 = Debug|Any CPU
		{833BC4E3-7BC7-4FC8-AC68-6FE8B9B127B7}.Release|Any CPU.ActiveCfg = Release|Any CPU
		{833BC4E3-7BC7-4FC8-AC68-6FE8B9B127B7}.Release|Any CPU.Build.0 = Release|Any CPU
	EndGlobalSection
	GlobalSection(SolutionProperties) = preSolution
		HideSolutionNode = FALSE
	EndGlobalSection
EndGlobal
